
Microsoft Visual Studio Solution File, Format Version 12.00
# Visual Studio Version 17
VisualStudioVersion = 17.0.32126.317
MinimumVisualStudioVersion = 10.0.40219.1
Project("{FAE04EC0-301F-11D3-BF4B-00C04F79EFBC}") = "Hafta3_PistiOyunu", "Hafta3_PistiOyunu\Hafta3_PistiOyunu.csproj", "{9A39F561-4F2C-4D5D-AC64-E6194DCB863D}"
EndProject
Global
	GlobalSection(SolutionConfigurationPlatforms) = preSolution
		Debug|Any CPU = Debug|Any CPU
		Release|Any CPU = Release|Any CPU
	EndGlobalSection
	GlobalSection(ProjectConfigurationPlatforms) = postSolution
		{9A39F561-4F2C-4D5D-AC64-E6194DCB863D}.Debug|Any CPU.ActiveCfg = Debug|Any CPU
		{9A39F561-4F2C-4D5D-AC64-E6194DCB863D}.Debug|Any CPU.Build.0 = Debug|Any CPU
		{9A39F561-4F2C-4D5D-AC64-E6194DCB863D}.Release|Any CPU.ActiveCfg = Release|Any CPU
		{9A39F561-4F2C-4D5D-AC64-E6194DCB863D}.Release|Any CPU.Build.0 = Release|Any CPU
	EndGlobalSection
	GlobalSection(SolutionProperties) = preSolution
		HideSolutionNode = FALSE
	EndGlobalSection
	GlobalSection(ExtensibilityGlobals) = postSolution
		SolutionGuid = {0A433D7A-C279-49DA-B90C-94857705743C}
	EndGlobalSection
EndGlobal
